
Microsoft Visual Studio Solution File, Format Version 11.00
# Visual Studio 2010
Project("{FAE04EC0-301F-11D3-BF4B-00C04F79EFBC}") = "VuforiaScripts", "VuforiaScripts.csproj", "{5EB6DA80-1C0B-3378-0F76-2087FC56C8FD}"
EndProject
Project("{FAE04EC0-301F-11D3-BF4B-00C04F79EFBC}") = "Assembly-CSharp", "Assembly-CSharp.csproj", "{C4AB75A5-573E-885F-A9B5-116FBFAA77B0}"
EndProject
Project("{FAE04EC0-301F-11D3-BF4B-00C04F79EFBC}") = "VuforiaEditorScripts", "VuforiaEditorScripts.csproj", "{BC1CA5A9-2ABA-DB8C-FCCB-98D9CA8EFB86}"
EndProject
Global
	GlobalSection(SolutionConfigurationPlatforms) = preSolution
		Debug|Any CPU = Debug|Any CPU
		Release|Any CPU = Release|Any CPU
	EndGlobalSection
	GlobalSection(ProjectConfigurationPlatforms) = postSolution
		{5EB6DA80-1C0B-3378-0F76-2087FC56C8FD}.Debug|Any CPU.ActiveCfg = Debug|Any CPU
		{5EB6DA80-1C0B-3378-0F76-2087FC56C8FD}.Debug|Any CPU.Build.0 = Debug|Any CPU
		{5EB6DA80-1C0B-3378-0F76-2087FC56C8FD}.Release|Any CPU.ActiveCfg = Release|Any CPU
		{5EB6DA80-1C0B-3378-0F76-2087FC56C8FD}.Release|Any CPU.Build.0 = Release|Any CPU
		{C4AB75A5-573E-885F-A9B5-116FBFAA77B0}.Debug|Any CPU.ActiveCfg = Debug|Any CPU
		{C4AB75A5-573E-885F-A9B5-116FBFAA77B0}.Debug|Any CPU.Build.0 = Debug|Any CPU
		{C4AB75A5-573E-885F-A9B5-116FBFAA77B0}.Release|Any CPU.ActiveCfg = Release|Any CPU
		{C4AB75A5-573E-885F-A9B5-116FBFAA77B0}.Release|Any CPU.Build.0 = Release|Any CPU
		{BC1CA5A9-2ABA-DB8C-FCCB-98D9CA8EFB86}.Debug|Any CPU.ActiveCfg = Debug|Any CPU
		{BC1CA5A9-2ABA-DB8C-FCCB-98D9CA8EFB86}.Debug|Any CPU.Build.0 = Debug|Any CPU
		{BC1CA5A9-2ABA-DB8C-FCCB-98D9CA8EFB86}.Release|Any CPU.ActiveCfg = Release|Any CPU
		{BC1CA5A9-2ABA-DB8C-FCCB-98D9CA8EFB86}.Release|Any CPU.Build.0 = Release|Any CPU
	EndGlobalSection
	GlobalSection(SolutionProperties) = preSolution
		HideSolutionNode = FALSE
	EndGlobalSection
	GlobalSection(MonoDevelopProperties) = preSolution
		StartupItem = Assembly-CSharp.csproj
	EndGlobalSection
EndGlobal
